
Microsoft Visual Studio Solution File, Format Version 12.00
# Visual Studio 15
Project("{FAE04EC0-301F-11D3-BF4B-00C04F79EFBC}") = "Final_UITCAR.Plugins", "Final_UITCAR.Plugins.csproj", "{90E31063-D0F1-DE86-4C81-98E37E43183A}"
EndProject
Project("{FAE04EC0-301F-11D3-BF4B-00C04F79EFBC}") = "Final_UITCAR", "Final_UITCAR.csproj", "{DE153BB2-04AE-F115-5196-EC0AFDF91A4F}"
EndProject
Project("{FAE04EC0-301F-11D3-BF4B-00C04F79EFBC}") = "Final_UITCAR.Editor", "Final_UITCAR.Editor.csproj", "{2A226D2D-0C89-C9D5-D69C-48DA5A9DB9C3}"
EndProject
Global
	GlobalSection(SolutionConfigurationPlatforms) = preSolution
		Debug|Any CPU = Debug|Any CPU
		Release|Any CPU = Release|Any CPU
	EndGlobalSection
	GlobalSection(ProjectConfigurationPlatforms) = postSolution
		{90E31063-D0F1-DE86-4C81-98E37E43183A}.Debug|Any CPU.ActiveCfg = Debug|Any CPU
		{90E31063-D0F1-DE86-4C81-98E37E43183A}.Debug|Any CPU.Build.0 = Debug|Any CPU
		{90E31063-D0F1-DE86-4C81-98E37E43183A}.Release|Any CPU.ActiveCfg = Release|Any CPU
		{90E31063-D0F1-DE86-4C81-98E37E43183A}.Release|Any CPU.Build.0 = Release|Any CPU
		{DE153BB2-04AE-F115-5196-EC0AFDF91A4F}.Debug|Any CPU.ActiveCfg = Debug|Any CPU
		{DE153BB2-04AE-F115-5196-EC0AFDF91A4F}.Debug|Any CPU.Build.0 = Debug|Any CPU
		{DE153BB2-04AE-F115-5196-EC0AFDF91A4F}.Release|Any CPU.ActiveCfg = Release|Any CPU
		{DE153BB2-04AE-F115-5196-EC0AFDF91A4F}.Release|Any CPU.Build.0 = Release|Any CPU
		{2A226D2D-0C89-C9D5-D69C-48DA5A9DB9C3}.Debug|Any CPU.ActiveCfg = Debug|Any CPU
		{2A226D2D-0C89-C9D5-D69C-48DA5A9DB9C3}.Debug|Any CPU.Build.0 = Debug|Any CPU
		{2A226D2D-0C89-C9D5-D69C-48DA5A9DB9C3}.Release|Any CPU.ActiveCfg = Release|Any CPU
		{2A226D2D-0C89-C9D5-D69C-48DA5A9DB9C3}.Release|Any CPU.Build.0 = Release|Any CPU
	EndGlobalSection
	GlobalSection(SolutionProperties) = preSolution
		HideSolutionNode = FALSE
	EndGlobalSection
EndGlobal
